Microsoft Visual Studio Solution File, Format Version 12.00
# Visual Studio Version 17
VisualStudioVersion = 17.3.32922.545
MinimumVisualStudioVersion = 16.0.0.0
Project("{9A19103F-16F7-4668-BE54-9A1E7A4F7556}") = "BachelorproefBlazorScanner.Server", "Server\BachelorproefBlazorScanner.Server.csproj", "{9006A5B7-708E-4A92-9421-5421313CC79F}"
EndProject
Project("{9A19103F-16F7-4668-BE54-9A1E7A4F7556}") = "BachelorproefBlazorScanner.Client", "Client\BachelorproefBlazorScanner.Client.csproj", "{DD5B054E-A7AC-4AB4-9636-20B03EA6FA0A}"
EndProject
Project("{9A19103F-16F7-4668-BE54-9A1E7A4F7556}") = "BachelorproefBlazorScanner.Shared", "Shared\BachelorproefBlazorScanner.Shared.csproj", "{7E870654-D7AE-4319-BD2E-5E50A82EA4C6}"
EndProject
Project("{FAE04EC0-301F-11D3-BF4B-00C04F79EFBC}") = "BachelorproefBlazorScanner.Domain", "BachelorproefBlazorScanner.Domain\BachelorproefBlazorScanner.Domain.csproj", "{68E90E62-B774-4CAE-ABFD-DD98869E791B}"
EndProject
Project("{FAE04EC0-301F-11D3-BF4B-00C04F79EFBC}") = "BachelorproefBlazorScanner.Persistence", "BachelorproefBlazorScanner.Persistence\BachelorproefBlazorScanner.Persistence.csproj", "{18863449-B7A7-4D51-88CF-7C90ACCE533D}"
EndProject
Project("{FAE04EC0-301F-11D3-BF4B-00C04F79EFBC}") = "BachelorproefBlazorScanner.Services", "BachelorproefBlazorScanner.Services\BachelorproefBlazorScanner.Services.csproj", "{4CBBFD99-FC67-45C4-8DD0-D87CCE4B9536}"
EndProject
Global
	GlobalSection(SolutionConfigurationPlatforms) = preSolution
		Debug|Any CPU = Debug|Any CPU
		Debug|x64 = Debug|x64
		Debug|x86 = Debug|x86
		Release|Any CPU = Release|Any CPU
		Release|x64 = Release|x64
		Release|x86 = Release|x86
	EndGlobalSection
	GlobalSection(ProjectConfigurationPlatforms) = postSolution
		{9006A5B7-708E-4A92-9421-5421313CC79F}.Debug|Any CPU.ActiveCfg = Debug|Any CPU
		{9006A5B7-708E-4A92-9421-5421313CC79F}.Debug|Any CPU.Build.0 = Debug|Any CPU
		{9006A5B7-708E-4A92-9421-5421313CC79F}.Debug|x64.ActiveCfg = Debug|Any CPU
		{9006A5B7-708E-4A92-9421-5421313CC79F}.Debug|x64.Build.0 = Debug|Any CPU
		{9006A5B7-708E-4A92-9421-5421313CC79F}.Debug|x86.ActiveCfg = Debug|Any CPU
		{9006A5B7-708E-4A92-9421-5421313CC79F}.Debug|x86.Build.0 = Debug|Any CPU
		{9006A5B7-708E-4A92-9421-5421313CC79F}.Release|Any CPU.ActiveCfg = Release|Any CPU
		{9006A5B7-708E-4A92-9421-5421313CC79F}.Release|Any CPU.Build.0 = Release|Any CPU
		{9006A5B7-708E-4A92-9421-5421313CC79F}.Release|x64.ActiveCfg = Release|Any CPU
		{9006A5B7-708E-4A92-9421-5421313CC79F}.Release|x64.Build.0 = Release|Any CPU
		{9006A5B7-708E-4A92-9421-5421313CC79F}.Release|x86.ActiveCfg = Release|Any CPU
		{9006A5B7-708E-4A92-9421-5421313CC79F}.Release|x86.Build.0 = Release|Any CPU
		{DD5B054E-A7AC-4AB4-9636-20B03EA6FA0A}.Debug|Any CPU.ActiveCfg = Debug|Any CPU
		{DD5B054E-A7AC-4AB4-9636-20B03EA6FA0A}.Debug|Any CPU.Build.0 = Debug|Any CPU
		{DD5B054E-A7AC-4AB4-9636-20B03EA6FA0A}.Debug|x64.ActiveCfg = Debug|Any CPU
		{DD5B054E-A7AC-4AB4-9636-20B03EA6FA0A}.Debug|x64.Build.0 = Debug|Any CPU
		{DD5B054E-A7AC-4AB4-9636-20B03EA6FA0A}.Debug|x86.ActiveCfg = Debug|Any CPU
		{DD5B054E-A7AC-4AB4-9636-20B03EA6FA0A}.Debug|x86.Build.0 = Debug|Any CPU
		{DD5B054E-A7AC-4AB4-9636-20B03EA6FA0A}.Release|Any CPU.ActiveCfg = Release|Any CPU
		{DD5B054E-A7AC-4AB4-9636-20B03EA6FA0A}.Release|Any CPU.Build.0 = Release|Any CPU
		{DD5B054E-A7AC-4AB4-9636-20B03EA6FA0A}.Release|x64.ActiveCfg = Release|Any CPU
		{DD5B054E-A7AC-4AB4-9636-20B03EA6FA0A}.Release|x64.Build.0 = Release|Any CPU
		{DD5B054E-A7AC-4AB4-9636-20B03EA6FA0A}.Release|x86.ActiveCfg = Release|Any CPU
		{DD5B054E-A7AC-4AB4-9636-20B03EA6FA0A}.Release|x86.Build.0 = Release|Any CPU
		{7E870654-D7AE-4319-BD2E-5E50A82EA4C6}.Debug|Any CPU.ActiveCfg = Debug|Any CPU
		{7E870654-D7AE-4319-BD2E-5E50A82EA4C6}.Debug|Any CPU.Build.0 = Debug|Any CPU
		{7E870654-D7AE-4319-BD2E-5E50A82EA4C6}.Debug|x64.ActiveCfg = Debug|Any CPU
		{7E870654-D7AE-4319-BD2E-5E50A82EA4C6}.Debug|x64.Build.0 = Debug|Any CPU
		{7E870654-D7AE-4319-BD2E-5E50A82EA4C6}.Debug|x86.ActiveCfg = Debug|Any CPU
		{7E870654-D7AE-4319-BD2E-5E50A82EA4C6}.Debug|x86.Build.0 = Debug|Any CPU
		{7E870654-D7AE-4319-BD2E-5E50A82EA4C6}.Release|Any CPU.ActiveCfg = Release|Any CPU
		{7E870654-D7AE-4319-BD2E-5E50A82EA4C6}.Release|Any CPU.Build.0 = Release|Any CPU
		{7E870654-D7AE-4319-BD2E-5E50A82EA4C6}.Release|x64.ActiveCfg = Release|Any CPU
		{7E870654-D7AE-4319-BD2E-5E50A82EA4C6}.Release|x64.Build.0 = Release|Any CPU
		{7E870654-D7AE-4319-BD2E-5E50A82EA4C6}.Release|x86.ActiveCfg = Release|Any CPU
		{7E870654-D7AE-4319-BD2E-5E50A82EA4C6}.Release|x86.Build.0 = Release|Any CPU
		{68E90E62-B774-4CAE-ABFD-DD98869E791B}.Debug|Any CPU.ActiveCfg = Debug|Any CPU
		{68E90E62-B774-4CAE-ABFD-DD98869E791B}.Debug|Any CPU.Build.0 = Debug|Any CPU
		{68E90E62-B774-4CAE-ABFD-DD98869E791B}.Debug|x64.ActiveCfg = Debug|Any CPU
		{68E90E62-B774-4CAE-ABFD-DD98869E791B}.Debug|x64.Build.0 = Debug|Any CPU
		{68E90E62-B774-4CAE-ABFD-DD98869E791B}.Debug|x86.ActiveCfg = Debug|Any CPU
		{68E90E62-B774-4CAE-ABFD-DD98869E791B}.Debug|x86.Build.0 = Debug|Any CPU
		{68E90E62-B774-4CAE-ABFD-DD98869E791B}.Release|Any CPU.ActiveCfg = Release|Any CPU
		{68E90E62-B774-4CAE-ABFD-DD98869E791B}.Release|Any CPU.Build.0 = Release|Any CPU
		{68E90E62-B774-4CAE-ABFD-DD98869E791B}.Release|x64.ActiveCfg = Release|Any CPU
		{68E90E62-B774-4CAE-ABFD-DD98869E791B}.Release|x64.Build.0 = Release|Any CPU
		{68E90E62-B774-4CAE-ABFD-DD98869E791B}.Release|x86.ActiveCfg = Release|Any CPU
		{68E90E62-B774-4CAE-ABFD-DD98869E791B}.Release|x86.Build.0 = Release|Any CPU
		{18863449-B7A7-4D51-88CF-7C90ACCE533D}.Debug|Any CPU.ActiveCfg = Debug|Any CPU
		{18863449-B7A7-4D51-88CF-7C90ACCE533D}.Debug|Any CPU.Build.0 = Debug|Any CPU
		{18863449-B7A7-4D51-88CF-7C90ACCE533D}.Debug|x64.ActiveCfg = Debug|Any CPU
		{18863449-B7A7-4D51-88CF-7C90ACCE533D}.Debug|x64.Build.0 = Debug|Any CPU
		{18863449-B7A7-4D51-88CF-7C90ACCE533D}.Debug|x86.ActiveCfg = Debug|Any CPU
		{18863449-B7A7-4D51-88CF-7C90ACCE533D}.Debug|x86.Build.0 = Debug|Any CPU
		{18863449-B7A7-4D51-88CF-7C90ACCE533D}.Release|Any CPU.ActiveCfg = Release|Any CPU
		{18863449-B7A7-4D51-88CF-7C90ACCE533D}.Release|Any CPU.Build.0 = Release|Any CPU
		{18863449-B7A7-4D51-88CF-7C90ACCE533D}.Release|x64.ActiveCfg = Release|Any CPU
		{18863449-B7A7-4D51-88CF-7C90ACCE533D}.Release|x64.Build.0 = Release|Any CPU
		{18863449-B7A7-4D51-88CF-7C90ACCE533D}.Release|x86.ActiveCfg = Release|Any CPU
		{18863449-B7A7-4D51-88CF-7C90ACCE533D}.Release|x86.Build.0 = Release|Any CPU
		{4CBBFD99-FC67-45C4-8DD0-D87CCE4B9536}.Debug|Any CPU.ActiveCfg = Debug|Any CPU
		{4CBBFD99-FC67-45C4-8DD0-D87CCE4B9536}.Debug|Any CPU.Build.0 = Debug|Any CPU
		{4CBBFD99-FC67-45C4-8DD0-D87CCE4B9536}.Debug|x64.ActiveCfg = Debug|Any CPU
		{4CBBFD99-FC67-45C4-8DD0-D87CCE4B9536}.Debug|x64.Build.0 = Debug|Any CPU
		{4CBBFD99-FC67-45C4-8DD0-D87CCE4B9536}.Debug|x86.ActiveCfg = Debug|Any CPU
		{4CBBFD99-FC67-45C4-8DD0-D87CCE4B9536}.Debug|x86.Build.0 = Debug|Any CPU
		{4CBBFD99-FC67-45C4-8DD0-D87CCE4B9536}.Release|Any CPU.ActiveCfg = Release|Any CPU
		{4CBBFD99-FC67-45C4-8DD0-D87CCE4B9536}.Release|Any CPU.Build.0 = Release|Any CPU
		{4CBBFD99-FC67-45C4-8DD0-D87CCE4B9536}.Release|x64.ActiveCfg = Release|Any CPU
		{4CBBFD99-FC67-45C4-8DD0-D87CCE4B9536}.Release|x64.Build.0 = Release|Any CPU
		{4CBBFD99-FC67-45C4-8DD0-D87CCE4B9536}.Release|x86.ActiveCfg = Release|Any CPU
		{4CBBFD99-FC67-45C4-8DD0-D87CCE4B9536}.Release|x86.Build.0 = Release|Any CPU
	EndGlobalSection
	GlobalSection(SolutionProperties) = preSolution
		HideSolutionNode = FALSE
	EndGlobalSection
	GlobalSection(ExtensibilityGlobals) = postSolution
		SolutionGuid = {9CEA709F-99CA-4436-97A5-03297145EDCA}
	EndGlobalSection
EndGlobal
